
Microsoft Visual Studio Solution File, Format Version 12.00
# Visual Studio 15
VisualStudioVersion = 15.0.27703.2042
MinimumVisualStudioVersion = 10.0.40219.1
Project("{FAE04EC0-301F-11D3-BF4B-00C04F79EFBC}") = "AngularCURD", "AngularCURD\AngularCURD.csproj", "{448A55CE-E622-4210-8284-A20B501AACDF}"
EndProject
Global
	GlobalSection(SolutionConfigurationPlatforms) = preSolution
		Debug|Any CPU = Debug|Any CPU
		Release|Any CPU = Release|Any CPU
	EndGlobalSection
	GlobalSection(ProjectConfigurationPlatforms) = postSolution
		{448A55CE-E622-4210-8284-A20B501AACDF}.Debug|Any CPU.ActiveCfg = Debug|Any CPU
		{448A55CE-E622-4210-8284-A20B501AACDF}.Debug|Any CPU.Build.0 = Debug|Any CPU
		{448A55CE-E622-4210-8284-A20B501AACDF}.Release|Any CPU.ActiveCfg = Release|Any CPU
		{448A55CE-E622-4210-8284-A20B501AACDF}.Release|Any CPU.Build.0 = Release|Any CPU
	EndGlobalSection
	GlobalSection(SolutionProperties) = preSolution
		HideSolutionNode = FALSE
	EndGlobalSection
	GlobalSection(ExtensibilityGlobals) = postSolution
		SolutionGuid = {95588197-6FBC-44A7-967F-5C77995319D5}
	EndGlobalSection
EndGlobal
